<?xml version="1.0" encoding="utf-8"?>
<Project ToolsVersion="4.0" xmlns="http://schemas.microsoft.com/developer/msbuild/2003">
  <ItemGroup>
    <Filter Include="Source Files">
      <UniqueIdentifier>{4FC737F1-C7A5-4376-A066-2A32D752A2FF}</UniqueIdentifier>
      <Extensions>cpp;c;cc;cxx;c++;cppm;ixx;def;odl;idl;hpj;bat;asm;asmx</Extensions>
    </Filter>
    <Filter Include="Header Files">
      <UniqueIdentifier>{93995380-89BD-4b04-88EB-625FBE52EBFB}</UniqueIdentifier>
      <Extensions>h;hh;hpp;hxx;h++;hm;inl;inc;ipp;xsd</Extensions>
    </Filter>
    <Filter Include="Resource Files">
      <UniqueIdentifier>{67DA6AB6-F800-4c08-8B7A-83BB121AAD01}</UniqueIdentifier>
      <Extensions>rc;ico;cur;bmp;dlg;rc2;rct;bin;rgs;gif;jpg;jpeg;jpe;resx;tiff;tif;png;wav;mfcribbon-ms</Extensions>
    </Filter>
  </ItemGroup>
  <ItemGroup>
    <ClCompile Include="Seminar01.c">
      <Filter>Source Files</Filter>
    </ClCompile>
    <ClCompile Include="Laborator1.c">
      <Filter>Source Files</Filter>
    </ClCompile>
    <ClCompile Include="Laborator2.c">
      <Filter>Source Files</Filter>
    </ClCompile>
    <ClCompile Include="Laborator1_practice.c">
      <Filter>Source Files</Filter>
    </ClCompile>
    <ClCompile Include="Laborator1_practice1.c">
      <Filter>Source Files</Filter>
    </ClCompile>
    <ClCompile Include="Laborator1_practice2.c">
      <Filter>Source Files</Filter>
    </ClCompile>
    <ClCompile Include="Laborator1_practice3.c">
      <Filter>Source Files</Filter>
    </ClCompile>
    <ClCompile Include="Laborato2_practice.c">
      <Filter>Source Files</Filter>
    </ClCompile>
    <ClCompile Include="Laborator2_practice1.c">
      <Filter>Source Files</Filter>
    </ClCompile>
    <ClCompile Include="Laborator2_practice2.c">
      <Filter>Source Files</Filter>
    </ClCompile>
    <ClCompile Include="Laborator2_practice3.c">
      <Filter>Source Files</Filter>
    </ClCompile>
    <ClCompile Include="Laborator_3_citire_fisier.c">
      <Filter>Source Files</Filter>
    </ClCompile>
    <ClCompile Include="Laborator_3_citire_fisier_2.c">
      <Filter>Source Files</Filter>
    </ClCompile>
    <ClCompile Include="Laborator4.c">
      <Filter>Source Files</Filter>
    </ClCompile>
    <ClCompile Include="Laborator4_practice.c">
      <Filter>Source Files</Filter>
    </ClCompile>
    <ClCompile Include="Laborator4_practice1.c">
      <Filter>Source Files</Filter>
    </ClCompile>
    <ClCompile Include="Laborator4_practice2.c">
      <Filter>Source Files</Filter>
    </ClCompile>
    <ClCompile Include="Laborator4_practice3.c">
      <Filter>Source Files</Filter>
    </ClCompile>
    <ClCompile Include="Laborator5.c">
      <Filter>Source Files</Filter>
    </ClCompile>
    <ClCompile Include="Laborator5_practice.c">
      <Filter>Source Files</Filter>
    </ClCompile>
    <ClCompile Include="Laborator4_practice4.c">
      <Filter>Source Files</Filter>
    </ClCompile>
    <ClCompile Include="Laborator6.c">
      <Filter>Source Files</Filter>
    </ClCompile>
    <ClCompile Include="Laborator6_practice1.c">
      <Filter>Source Files</Filter>
    </ClCompile>
    <ClCompile Include="Laborator2_practice4.c">
      <Filter>Source Files</Filter>
    </ClCompile>
    <ClCompile Include="Laborator2_practice5.c">
      <Filter>Source Files</Filter>
    </ClCompile>
    <ClCompile Include="Vector.c">
      <Filter>Source Files</Filter>
    </ClCompile>
    <ClCompile Include="LS.c">
      <Filter>Source Files</Filter>
    </ClCompile>
    <ClCompile Include="LD.c">
      <Filter>Source Files</Filter>
    </ClCompile>
    <ClCompile Include="HashTable.c">
      <Filter>Source Files</Filter>
    </ClCompile>
    <ClCompile Include="AVL.c">
      <Filter>Source Files</Filter>
    </ClCompile>
    <ClCompile Include="Laborator7.c">
      <Filter>Source Files</Filter>
    </ClCompile>
    <ClCompile Include="Laborator7_practice1.c">
      <Filter>Source Files</Filter>
    </ClCompile>
    <ClCompile Include="Laborator7_practice2.c">
      <Filter>Source Files</Filter>
    </ClCompile>
    <ClCompile Include="Laborator8.c">
      <Filter>Source Files</Filter>
    </ClCompile>
    <ClCompile Include="Laborator8_practice1.c">
      <Filter>Source Files</Filter>
    </ClCompile>
    <ClCompile Include="Laborator7_practice3.c">
      <Filter>Source Files</Filter>
    </ClCompile>
    <ClCompile Include="Laborator8_practice2.c">
      <Filter>Source Files</Filter>
    </ClCompile>
    <ClCompile Include="Laborator9.c">
      <Filter>Source Files</Filter>
    </ClCompile>
    <ClCompile Include="Laborator7_practice4.c">
      <Filter>Source Files</Filter>
    </ClCompile>
    <ClCompile Include="Laborator8_practice3.c">
      <Filter>Source Files</Filter>
    </ClCompile>
    <ClCompile Include="Laborator9_practice1.c">
      <Filter>Source Files</Filter>
    </ClCompile>
    <ClCompile Include="Laborator10.c">
      <Filter>Source Files</Filter>
    </ClCompile>
    <ClCompile Include="Laborator10_practice1.c">
      <Filter>Source Files</Filter>
    </ClCompile>
    <ClCompile Include="Laborator11.c">
      <Filter>Source Files</Filter>
    </ClCompile>
    <ClCompile Include="Laborator10_practice2.c">
      <Filter>Source Files</Filter>
    </ClCompile>
    <ClCompile Include="Heap.c">
      <Filter>Source Files</Filter>
    </ClCompile>
    <ClCompile Include="Coada.c">
      <Filter>Source Files</Filter>
    </ClCompile>
    <ClCompile Include="Stiva.c">
      <Filter>Source Files</Filter>
    </ClCompile>
    <ClCompile Include="ABC.c">
      <Filter>Source Files</Filter>
    </ClCompile>
    <ClCompile Include="AVL_1.c">
      <Filter>Source Files</Filter>
    </ClCompile>
    <ClCompile Include="AVL2.c">
      <Filter>Source Files</Filter>
    </ClCompile>
    <ClCompile Include="AVL3.c">
      <Filter>Source Files</Filter>
    </ClCompile>
    <ClCompile Include="AVL4.c">
      <Filter>Source Files</Filter>
    </ClCompile>
    <ClCompile Include="ABC_1.c">
      <Filter>Source Files</Filter>
    </ClCompile>
    <ClCompile Include="Heap_1.c">
      <Filter>Source Files</Filter>
    </ClCompile>
    <ClCompile Include="Coada_1.c">
      <Filter>Source Files</Filter>
    </ClCompile>
    <ClCompile Include="Stiva_1.c">
      <Filter>Source Files</Filter>
    </ClCompile>
  </ItemGroup>
  <ItemGroup>
    <Text Include="masini.txt" />
    <Text Include="blocuri.txt" />
    <Text Include="laptopuri.txt" />
    <Text Include="rezervari.txt" />
    <Text Include="tablouri.txt" />
    <Text Include="televizoare.txt" />
    <Text Include="routere.txt" />
    <Text Include="bilete_film.txt" />
    <Text Include="domicilii.txt" />
    <Text Include="domicilii_arbore.txt" />
    <Text Include="vacante.txt" />
    <Text Include="vacante_arbore.txt" />
  </ItemGroup>
</Project>